# THIS IS AN AUTOGENERATED FILE. DO NOT EDIT THIS FILE DIRECTLY.
# yarn lockfile v1


"@types/base64-js@^1.2.5":
  version "1.2.5"
  resolved "https://registry.yarnpkg.com/@types/base64-js/-/base64-js-1.2.5.tgz#582b2476169a6cba460a214d476c744441d873d5"

"@types/bignumber.js@^5.0.0":
  version "5.0.0"
  resolved "https://registry.yarnpkg.com/@types/bignumber.js/-/bignumber.js-5.0.0.tgz#d9f1a378509f3010a3255e9cc822ad0eeb4ab969"
  dependencies:
    bignumber.js "*"

"@waves/bignumber@0.0.1":
  version "0.0.1"
  resolved "https://registry.yarnpkg.com/@waves/bignumber/-/bignumber-0.0.1.tgz#b878129008f1076f549aa29f274a499069916ccf"
  dependencies:
    "@types/bignumber.js" "^5.0.0"
    bignumber.js "^8.1.1"

"@waves/marshall@^0.9.1":
  version "0.9.1"
  resolved "https://registry.yarnpkg.com/@waves/marshall/-/marshall-0.9.1.tgz#004d01757b997cf7ad9ef6322823db4779ce526c"
  dependencies:
    "@types/base64-js" "^1.2.5"
    "@waves/bignumber" "0.0.1"
    "@waves/parse-json-bignumber" "^1.0.1"
    base64-js "^1.3.0"

"@waves/parse-json-bignumber@^1.0.1":
  version "1.0.1"
  resolved "https://registry.yarnpkg.com/@waves/parse-json-bignumber/-/parse-json-bignumber-1.0.1.tgz#ea691f532ab65f610df9425b2231d2f82b6b9619"

"@waves/ts-lib-crypto@^1.4.1":
  version "1.4.2"
  resolved "https://registry.yarnpkg.com/@waves/ts-lib-crypto/-/ts-lib-crypto-1.4.2.tgz#c96a88d608a9259468428c57b5ac21e1043d993d"
  dependencies:
    js-sha3 "^0.8.0"
    node-forge "^0.8.5"

"@waves/waves-transactions@^3.14.3":
  version "3.24.0"
  resolved "https://registry.yarnpkg.com/@waves/waves-transactions/-/waves-transactions-3.24.0.tgz#f019aa694af2dfbeb8d51af46fd559599ae21406"
  dependencies:
    "@waves/marshall" "^0.9.1"
    "@waves/ts-lib-crypto" "^1.4.1"
    axios "^0.19.0"

"@waves/waveskeeper-types@^0.0.4":
  version "0.0.4"
  resolved "https://registry.yarnpkg.com/@waves/waveskeeper-types/-/waveskeeper-types-0.0.4.tgz#77ceb5b2efb80394dd6c18286e55766125b37e0e"

axios@^0.19.0:
  version "0.19.0"
  resolved "https://registry.yarnpkg.com/axios/-/axios-0.19.0.tgz#8e09bff3d9122e133f7b8101c8fbdd00ed3d2ab8"
  dependencies:
    follow-redirects "1.5.10"
    is-buffer "^2.0.2"

base64-js@^1.3.0:
  version "1.3.1"
  resolved "https://registry.yarnpkg.com/base64-js/-/base64-js-1.3.1.tgz#58ece8cb75dd07e71ed08c736abc5fac4dbf8df1"

bignumber.js@*:
  version "9.0.0"
  resolved "https://registry.yarnpkg.com/bignumber.js/-/bignumber.js-9.0.0.tgz#805880f84a329b5eac6e7cb6f8274b6d82bdf075"

bignumber.js@^8.1.1:
  version "8.1.1"
  resolved "https://registry.yarnpkg.com/bignumber.js/-/bignumber.js-8.1.1.tgz#4b072ae5aea9c20f6730e4e5d529df1271c4d885"

debug@=3.1.0:
  version "3.1.0"
  resolved "https://registry.yarnpkg.com/debug/-/debug-3.1.0.tgz#5bb5a0672628b64149566ba16819e61518c67261"
  dependencies:
    ms "2.0.0"

follow-redirects@1.5.10:
  version "1.5.10"
  resolved "https://registry.yarnpkg.com/follow-redirects/-/follow-redirects-1.5.10.tgz#7b7a9f9aea2fdff36786a94ff643ed07f4ff5e2a"
  dependencies:
    debug "=3.1.0"

is-buffer@^2.0.2:
  version "2.0.4"
  resolved "https://registry.yarnpkg.com/is-buffer/-/is-buffer-2.0.4.tgz#3e572f23c8411a5cfd9557c849e3665e0b290623"

js-sha3@^0.8.0:
  version "0.8.0"
  resolved "https://registry.yarnpkg.com/js-sha3/-/js-sha3-0.8.0.tgz#b9b7a5da73afad7dedd0f8c463954cbde6818840"

ms@2.0.0:
  version "2.0.0"
  resolved "https://registry.yarnpkg.com/ms/-/ms-2.0.0.tgz#5608aeadfc00be6c2901df5f9861788de0d597c8"

node-forge@^0.8.5:
  version "0.8.5"
  resolved "https://registry.yarnpkg.com/node-forge/-/node-forge-0.8.5.tgz#57906f07614dc72762c84cef442f427c0e1b86ee"
